// !$*UTF8*$!
{
	archiveVersion = 1;
	classes = {
	};
	objectVersion = 77;
	objects = {

/* Begin PBXContainerItemProxy section */
		DE538BA12D38DCB600C55377 /* PBXContainerItemProxy */ = {
			isa = PBXContainerItemProxy;
			containerPortal = DE538B7F2D38DCB500C55377 /* Project object */;
			proxyType = 1;
			remoteGlobalIDString = DE538B862D38DCB500C55377;
			remoteInfo = JobHuntTracker;
		};
		DE538BAB2D38DCB600C55377 /* PBXContainerItemProxy */ = {
			isa = PBXContainerItemProxy;
			containerPortal = DE538B7F2D38DCB500C55377 /* Project object */;
			proxyType = 1;
			remoteGlobalIDString = DE538B862D38DCB500C55377;
			remoteInfo = JobHuntTracker;
		};
/* End PBXContainerItemProxy section */

/* Begin PBXFileReference section */
		DE538B872D38DCB500C55377 /* JobHuntTracker.app */ = {isa = PBXFileReference; explicitFileType = wrapper.application; includeInIndex = 0; path = JobHuntTracker.app; sourceTree = BUILT_PRODUCTS_DIR; };
		DE538BA02D38DCB600C55377 /* JobHuntTrackerTests.xctest */ = {isa = PBXFileReference; explicitFileType = wrapper.cfbundle; includeInIndex = 0; path = JobHuntTrackerTests.xctest; sourceTree = BUILT_PRODUCTS_DIR; };
		DE538BAA2D38DCB600C55377 /* JobHuntTrackerUITests.xctest */ = {isa = PBXFileReference; explicitFileType = wrapper.cfbundle; includeInIndex = 0; path = JobHuntTrackerUITests.xctest; sourceTree = BUILT_PRODUCTS_DIR; };
/* End PBXFileReference section */

/* Begin PBXFileSystemSynchronizedBuildFileExceptionSet section */
		DE538BB22D38DCB600C55377 /* Exceptions for "JobHuntTracker" folder in "JobHuntTracker" target */ = {
			isa = PBXFileSystemSynchronizedBuildFileExceptionSet;
			membershipExceptions = (
				Info.plist,
			);
			target = DE538B862D38DCB500C55377 /* JobHuntTracker */;
		};
/* End PBXFileSystemSynchronizedBuildFileExceptionSet section */

/* Begin PBXFileSystemSynchronizedRootGroup section */
		DE538B892D38DCB500C55377 /* JobHuntTracker */ = {
			isa = PBXFileSystemSynchronizedRootGroup;
			exceptions = (
				DE538BB22D38DCB600C55377 /* Exceptions for "JobHuntTracker" folder in "JobHuntTracker" target */,
			);
			path = JobHuntTracker;
			sourceTree = "<group>";
		};
		DE538BA32D38DCB600C55377 /* JobHuntTrackerTests */ = {
			isa = PBXFileSystemSynchronizedRootGroup;
			path = JobHuntTrackerTests;
			sourceTree = "<group>";
		};
		DE538BAD2D38DCB600C55377 /* JobHuntTrackerUITests */ = {
			isa = PBXFileSystemSynchronizedRootGroup;
			path = JobHuntTrackerUITests;
			sourceTree = "<group>";
		};
/* End PBXFileSystemSynchronizedRootGroup section */

/* Begin PBXFrameworksBuildPhase section */
		DE538B842D38DCB500C55377 /* Frameworks */ = {
			isa = PBXFrameworksBuildPhase;
			buildActionMask = 2147483647;
			files = (
			);
			runOnlyForDeploymentPostprocessing = 0;
		};
		DE538B9D2D38DCB600C55377 /* Frameworks */ = {
			isa = PBXFrameworksBuildPhase;
			buildActionMask = 2147483647;
			files = (
			);
			runOnlyForDeploymentPostprocessing = 0;
		};
		DE538BA72D38DCB600C55377 /* Frameworks */ = {
			isa = PBXFrameworksBuildPhase;
			buildActionMask = 2147483647;
			files = (
			);
			runOnlyForDeploymentPostprocessing = 0;
		};
/* End PBXFrameworksBuildPhase section */

/* Begin PBXGroup section */
		DE538B7E2D38DCB500C55377 = {
			isa = PBXGroup;
			children = (
				DE538B892D38DCB500C55377 /* JobHuntTracker */,
				DE538BA32D38DCB600C55377 /* JobHuntTrackerTests */,
				DE538BAD2D38DCB600C55377 /* JobHuntTrackerUITests */,
				DE538B882D38DCB500C55377 /* Products */,
			);
			sourceTree = "<group>";
		};
		DE538B882D38DCB500C55377 /* Products */ = {
			isa = PBXGroup;
			children = (
				DE538B872D38DCB500C55377 /* JobHuntTracker.app */,
				DE538BA02D38DCB600C55377 /* JobHuntTrackerTests.xctest */,
				DE538BAA2D38DCB600C55377 /* JobHuntTrackerUITests.xctest */,
			);
			name = Products;
			sourceTree = "<group>";
		};
/* End PBXGroup section */

/* Begin PBXNativeTarget section */
		DE538B862D38DCB500C55377 /* JobHuntTracker */ = {
			isa = PBXNativeTarget;
			buildConfigurationList = DE538BB32D38DCB600C55377 /* Build configuration list for PBXNativeTarget "JobHuntTracker" */;
			buildPhases = (
				DE538B832D38DCB500C55377 /* Sources */,
				DE538B842D38DCB500C55377 /* Frameworks */,
				DE538B852D38DCB500C55377 /* Resources */,
			);
			buildRules = (
			);
			dependencies = (
			);
			fileSystemSynchronizedGroups = (
				DE538B892D38DCB500C55377 /* JobHuntTracker */,
			);
			name = JobHuntTracker;
			packageProductDependencies = (
			);
			productName = JobHuntTracker;
			productReference = DE538B872D38DCB500C55377 /* JobHuntTracker.app */;
			productType = "com.apple.product-type.application";
		};
		DE538B9F2D38DCB600C55377 /* JobHuntTrackerTests */ = {
			isa = PBXNativeTarget;
			buildConfigurationList = DE538BB82D38DCB600C55377 /* Build configuration list for PBXNativeTarget "JobHuntTrackerTests" */;
			buildPhases = (
				DE538B9C2D38DCB600C55377 /* Sources */,
				DE538B9D2D38DCB600C55377 /* Frameworks */,
				DE538B9E2D38DCB600C55377 /* Resources */,
			);
			buildRules = (
			);
			dependencies = (
				DE538BA22D38DCB600C55377 /* PBXTargetDependency */,
			);
			fileSystemSynchronizedGroups = (
				DE538BA32D38DCB600C55377 /* JobHuntTrackerTests */,
			);
			name = JobHuntTrackerTests;
			packageProductDependencies = (
			);
			productName = JobHuntTrackerTests;
			productReference = DE538BA02D38DCB600C55377 /* JobHuntTrackerTests.xctest */;
			productType = "com.apple.product-type.bundle.unit-test";
		};
		DE538BA92D38DCB600C55377 /* JobHuntTrackerUITests */ = {
			isa = PBXNativeTarget;
			buildConfigurationList = DE538BBB2D38DCB600C55377 /* Build configuration list for PBXNativeTarget "JobHuntTrackerUITests" */;
			buildPhases = (
				DE538BA62D38DCB600C55377 /* Sources */,
				DE538BA72D38DCB600C55377 /* Frameworks */,
				DE538BA82D38DCB600C55377 /* Resources */,
			);
			buildRules = (
			);
			dependencies = (
				DE538BAC2D38DCB600C55377 /* PBXTargetDependency */,
			);
			fileSystemSynchronizedGroups = (
				DE538BAD2D38DCB600C55377 /* JobHuntTrackerUITests */,
			);
			name = JobHuntTrackerUITests;
			packageProductDependencies = (
			);
			productName = JobHuntTrackerUITests;
			productReference = DE538BAA2D38DCB600C55377 /* JobHuntTrackerUITests.xctest */;
			productType = "com.apple.product-type.bundle.ui-testing";
		};
/* End PBXNativeTarget section */

/* Begin PBXProject section */
		DE538B7F2D38DCB500C55377 /* Project object */ = {
			isa = PBXProject;
			attributes = {
				BuildIndependentTargetsInParallel = 1;
				LastSwiftUpdateCheck = 1610;
				LastUpgradeCheck = 1610;
				TargetAttributes = {
					DE538B862D38DCB500C55377 = {
						CreatedOnToolsVersion = 16.1;
					};
					DE538B9F2D38DCB600C55377 = {
						CreatedOnToolsVersion = 16.1;
						TestTargetID = DE538B862D38DCB500C55377;
					};
					DE538BA92D38DCB600C55377 = {
						CreatedOnToolsVersion = 16.1;
						TestTargetID = DE538B862D38DCB500C55377;
					};
				};
			};
			buildConfigurationList = DE538B822D38DCB500C55377 /* Build configuration list for PBXProject "JobHuntTracker" */;
			developmentRegion = en;
			hasScannedForEncodings = 0;
			knownRegions = (
				en,
				Base,
			);
			mainGroup = DE538B7E2D38DCB500C55377;
			minimizedProjectReferenceProxies = 1;
			preferredProjectObjectVersion = 77;
			productRefGroup = DE538B882D38DCB500C55377 /* Products */;
			projectDirPath = "";
			projectRoot = "";
			targets = (
				DE538B862D38DCB500C55377 /* JobHuntTracker */,
				DE538B9F2D38DCB600C55377 /* JobHuntTrackerTests */,
				DE538BA92D38DCB600C55377 /* JobHuntTrackerUITests */,
			);
		};
/* End PBXProject section */

/* Begin PBXResourcesBuildPhase section */
		DE538B852D38DCB500C55377 /* Resources */ = {
			isa = PBXResourcesBuildPhase;
			buildActionMask = 2147483647;
			files = (
			);
			runOnlyForDeploymentPostprocessing = 0;
		};
		DE538B9E2D38DCB600C55377 /* Resources */ = {
			isa = PBXResourcesBuildPhase;
			buildActionMask = 2147483647;
			files = (
			);
			runOnlyForDeploymentPostprocessing = 0;
		};
		DE538BA82D38DCB600C55377 /* Resources */ = {
			isa = PBXResourcesBuildPhase;
			buildActionMask = 2147483647;
			files = (
			);
			runOnlyForDeploymentPostprocessing = 0;
		};
/* End PBXResourcesBuildPhase section */

/* Begin PBXSourcesBuildPhase section */
		DE538B832D38DCB500C55377 /* Sources */ = {
			isa = PBXSourcesBuildPhase;
			buildActionMask = 2147483647;
			files = (
			);
			runOnlyForDeploymentPostprocessing = 0;
		};
		DE538B9C2D38DCB600C55377 /* Sources */ = {
			isa = PBXSourcesBuildPhase;
			buildActionMask = 2147483647;
			files = (
			);
			runOnlyForDeploymentPostprocessing = 0;
		};
		DE538BA62D38DCB600C55377 /* Sources */ = {
			isa = PBXSourcesBuildPhase;
			buildActionMask = 2147483647;
			files = (
			);
			runOnlyForDeploymentPostprocessing = 0;
		};
/* End PBXSourcesBuildPhase section */

/* Begin PBXTargetDependency section */
		DE538BA22D38DCB600C55377 /* PBXTargetDependency */ = {
			isa = PBXTargetDependency;
			target = DE538B862D38DCB500C55377 /* JobHuntTracker */;
			targetProxy = DE538BA12D38DCB600C55377 /* PBXContainerItemProxy */;
		};
		DE538BAC2D38DCB600C55377 /* PBXTargetDependency */ = {
			isa = PBXTargetDependency;
			target = DE538B862D38DCB500C55377 /* JobHuntTracker */;
			targetProxy = DE538BAB2D38DCB600C55377 /* PBXContainerItemProxy */;
		};
/* End PBXTargetDependency section */

/* Begin XCBuildConfiguration section */
		DE538BB42D38DCB600C55377 /* Debug */ = {
			isa = XCBuildConfiguration;
			buildSettings = {
				ASSETCATALOG_COMPILER_APPICON_NAME = AppIcon;
				ASSETCATALOG_COMPILER_GLOBAL_ACCENT_COLOR_NAME = AccentColor;
				CODE_SIGN_STYLE = Automatic;
				CURRENT_PROJECT_VERSION = 1;
				GENERATE_INFOPLIST_FILE = YES;
				INFOPLIST_FILE = JobHuntTracker/Info.plist;
				INFOPLIST_KEY_UIApplicationSupportsIndirectInputEvents = YES;
				INFOPLIST_KEY_UILaunchStoryboardName = LaunchScreen;
				INFOPLIST_KEY_UIMainStoryboardFile = Main;
				INFOPLIST_KEY_UISupportedInterfaceOrientations_iPad = "UIInterfaceOrientationPortrait UIInterfaceOrientationPortraitUpsideDown UIInterfaceOrientationLandscapeLeft UIInterfaceOrientationLandscapeRight";
				INFOPLIST_KEY_UISupportedInterfaceOrientations_iPhone = "UIInterfaceOrientationPortrait UIInterfaceOrientationLandscapeLeft UIInterfaceOrientationLandscapeRight";
				LD_RUNPATH_SEARCH_PATHS = (
					"$(inherited)",
					"@executable_path/Frameworks",
				);
				MARKETING_VERSION = 1.0;
				PRODUCT_BUNDLE_IDENTIFIER = com.tituslogo.JobHuntTracker;
				PRODUCT_NAME = "$(TARGET_NAME)";
				SWIFT_EMIT_LOC_STRINGS = YES;
				SWIFT_VERSION = 5.0;
				TARGETED_DEVICE_FAMILY = "1,2";
			};
			name = Debug;
		};
		DE538BB52D38DCB600C55377 /* Release */ = {
			isa = XCBuildConfiguration;
			buildSettings = {
				ASSETCATALOG_COMPILER_APPICON_NAME = AppIcon;
				ASSETCATALOG_COMPILER_GLOBAL_ACCENT_COLOR_NAME = AccentColor;
				CODE_SIGN_STYLE = Automatic;
				CURRENT_PROJECT_VERSION = 1;
				GENERATE_INFOPLIST_FILE = YES;
				INFOPLIST_FILE = JobHuntTracker/Info.plist;
				INFOPLIST_KEY_UIApplicationSupportsIndirectInputEvents = YES;
				INFOPLIST_KEY_UILaunchStoryboardName = LaunchScreen;
				INFOPLIST_KEY_UIMainStoryboardFile = Main;
				INFOPLIST_KEY_UISupportedInterfaceOrientations_iPad = "UIInterfaceOrientationPortrait UIInterfaceOrientationPortraitUpsideDown UIInterfaceOrientationLandscapeLeft UIInterfaceOrientationLandscapeRight";
				INFOPLIST_KEY_UISupportedInterfaceOrientations_iPhone = "UIInterfaceOrientationPortrait UIInterfaceOrientationLandscapeLeft UIInterfaceOrientationLandscapeRight";
				LD_RUNPATH_SEARCH_PATHS = (
					"$(inherited)",
					"@executable_path/Frameworks",
				);
				MARKETING_VERSION = 1.0;
				PRODUCT_BUNDLE_IDENTIFIER = com.tituslogo.JobHuntTracker;
				PRODUCT_NAME = "$(TARGET_NAME)";
				SWIFT_EMIT_LOC_STRINGS = YES;
				SWIFT_VERSION = 5.0;
				TARGETED_DEVICE_FAMILY = "1,2";
			};
			name = Release;
		};
		DE538BB62D38DCB600C55377 /* Debug */ = {
			isa = XCBuildConfiguration;
			buildSettings = {
				ALWAYS_SEARCH_USER_PATHS = NO;
				ASSETCATALOG_COMPILER_GENERATE_SWIFT_ASSET_SYMBOL_EXTENSIONS = YES;
				CLANG_ANALYZER_NONNULL = YES;
				CLANG_ANALYZER_NUMBER_OBJECT_CONVERSION = YES_AGGRESSIVE;
				CLANG_CXX_LANGUAGE_STANDARD = "gnu++20";
				CLANG_ENABLE_MODULES = YES;
				CLANG_ENABLE_OBJC_ARC = YES;
				CLANG_ENABLE_OBJC_WEAK = YES;
				CLANG_WARN_BLOCK_CAPTURE_AUTORELEASING = YES;
				CLANG_WARN_BOOL_CONVERSION = YES;
				CLANG_WARN_COMMA = YES;
				CLANG_WARN_CONSTANT_CONVERSION = YES;
				CLANG_WARN_DEPRECATED_OBJC_IMPLEMENTATIONS = YES;
				CLANG_WARN_DIRECT_OBJC_ISA_USAGE = YES_ERROR;
				CLANG_WARN_DOCUMENTATION_COMMENTS = YES;
				CLANG_WARN_EMPTY_BODY = YES;
				CLANG_WARN_ENUM_CONVERSION = YES;
				CLANG_WARN_INFINITE_RECURSION = YES;
				CLANG_WARN_INT_CONVERSION = YES;
				CLANG_WARN_NON_LITERAL_NULL_CONVERSION = YES;
				CLANG_WARN_OBJC_IMPLICIT_RETAIN_SELF = YES;
				CLANG_WARN_OBJC_LITERAL_CONVERSION = YES;
				CLANG_WARN_OBJC_ROOT_CLASS = YES_ERROR;
				CLANG_WARN_QUOTED_INCLUDE_IN_FRAMEWORK_HEADER = YES;
				CLANG_WARN_RANGE_LOOP_ANALYSIS = YES;
				CLANG_WARN_STRICT_PROTOTYPES = YES;
				CLANG_WARN_SUSPICIOUS_MOVE = YES;
				CLANG_WARN_UNGUARDED_AVAILABILITY = YES_AGGRESSIVE;
				CLANG_WARN_UNREACHABLE_CODE = YES;
				CLANG_WARN__DUPLICATE_METHOD_MATCH = YES;
				COPY_PHASE_STRIP = NO;
				DEBUG_INFORMATION_FORMAT = dwarf;
				ENABLE_STRICT_OBJC_MSGSEND = YES;
				ENABLE_TESTABILITY = YES;
				ENABLE_USER_SCRIPT_SANDBOXING = YES;
				GCC_C_LANGUAGE_STANDARD = gnu17;
				GCC_DYNAMIC_NO_PIC = NO;
				GCC_NO_COMMON_BLOCKS = YES;
				GCC_OPTIMIZATION_LEVEL = 0;
				GCC_PREPROCESSOR_DEFINITIONS = (
					"DEBUG=1",
					"$(inherited)",
				);
				GCC_WARN_64_TO_32_BIT_CONVERSION = YES;
				GCC_WARN_ABOUT_RETURN_TYPE = YES_ERROR;
				GCC_WARN_UNDECLARED_SELECTOR = YES;
				GCC_WARN_UNINITIALIZED_AUTOS = YES_AGGRESSIVE;
				GCC_WARN_UNUSED_FUNCTION = YES;
				GCC_WARN_UNUSED_VARIABLE = YES;
				IPHONEOS_DEPLOYMENT_TARGET = 18.1;
				LOCALIZATION_PREFERS_STRING_CATALOGS = YES;
				MTL_ENABLE_DEBUG_INFO = INCLUDE_SOURCE;
				MTL_FAST_MATH = YES;
				ONLY_ACTIVE_ARCH = YES;
				SDKROOT = iphoneos;
				SWIFT_ACTIVE_COMPILATION_CONDITIONS = "DEBUG $(inherited)";
				SWIFT_OPTIMIZATION_LEVEL = "-Onone";
			};
			name = Debug;
		};
		DE538BB72D38DCB600C55377 /* Release */ = {
			isa = XCBuildConfiguration;
			buildSettings = {
				ALWAYS_SEARCH_USER_PATHS = NO;
				ASSETCATALOG_COMPILER_GENERATE_SWIFT_ASSET_SYMBOL_EXTENSIONS = YES;
				CLANG_ANALYZER_NONNULL = YES;
				CLANG_ANALYZER_NUMBER_OBJECT_CONVERSION = YES_AGGRESSIVE;
				CLANG_CXX_LANGUAGE_STANDARD = "gnu++20";
				CLANG_ENABLE_MODULES = YES;
				CLANG_ENABLE_OBJC_ARC = YES;
				CLANG_ENABLE_OBJC_WEAK = YES;
				CLANG_WARN_BLOCK_CAPTURE_AUTORELEASING = YES;
				CLANG_WARN_BOOL_CONVERSION = YES;
				CLANG_WARN_COMMA = YES;
				CLANG_WARN_CONSTANT_CONVERSION = YES;
				CLANG_WARN_DEPRECATED_OBJC_IMPLEMENTATIONS = YES;
				CLANG_WARN_DIRECT_OBJC_ISA_USAGE = YES_ERROR;
				CLANG_WARN_DOCUMENTATION_COMMENTS = YES;
				CLANG_WARN_EMPTY_BODY = YES;
				CLANG_WARN_ENUM_CONVERSION = YES;
				CLANG_WARN_INFINITE_RECURSION = YES;
				CLANG_WARN_INT_CONVERSION = YES;
				CLANG_WARN_NON_LITERAL_NULL_CONVERSION = YES;
				CLANG_WARN_OBJC_IMPLICIT_RETAIN_SELF = YES;
				CLANG_WARN_OBJC_LITERAL_CONVERSION = YES;
				CLANG_WARN_OBJC_ROOT_CLASS = YES_ERROR;
				CLANG_WARN_QUOTED_INCLUDE_IN_FRAMEWORK_HEADER = YES;
				CLANG_WARN_RANGE_LOOP_ANALYSIS = YES;
				CLANG_WARN_STRICT_PROTOTYPES = YES;
				CLANG_WARN_SUSPICIOUS_MOVE = YES;
				CLANG_WARN_UNGUARDED_AVAILABILITY = YES_AGGRESSIVE;
				CLANG_WARN_UNREACHABLE_CODE = YES;
				CLANG_WARN__DUPLICATE_METHOD_MATCH = YES;
				COPY_PHASE_STRIP = NO;
				DEBUG_INFORMATION_FORMAT = "dwarf-with-dsym";
				ENABLE_NS_ASSERTIONS = NO;
				ENABLE_STRICT_OBJC_MSGSEND = YES;
				ENABLE_USER_SCRIPT_SANDBOXING = YES;
				GCC_C_LANGUAGE_STANDARD = gnu17;
				GCC_NO_COMMON_BLOCKS = YES;
				GCC_WARN_64_TO_32_BIT_CONVERSION = YES;
				GCC_WARN_ABOUT_RETURN_TYPE = YES_ERROR;
				GCC_WARN_UNDECLARED_SELECTOR = YES;
				GCC_WARN_UNINITIALIZED_AUTOS = YES_AGGRESSIVE;
				GCC_WARN_UNUSED_FUNCTION = YES;
				GCC_WARN_UNUSED_VARIABLE = YES;
				IPHONEOS_DEPLOYMENT_TARGET = 18.1;
				LOCALIZATION_PREFERS_STRING_CATALOGS = YES;
				MTL_ENABLE_DEBUG_INFO = NO;
				MTL_FAST_MATH = YES;
				SDKROOT = iphoneos;
				SWIFT_COMPILATION_MODE = wholemodule;
				VALIDATE_PRODUCT = YES;
			};
			name = Release;
		};
		DE538BB92D38DCB600C55377 /* Debug */ = {
			isa = XCBuildConfiguration;
			buildSettings = {
				BUNDLE_LOADER = "$(TEST_HOST)";
				CODE_SIGN_STYLE = Automatic;
				CURRENT_PROJECT_VERSION = 1;
				GENERATE_INFOPLIST_FILE = YES;
				IPHONEOS_DEPLOYMENT_TARGET = 18.1;
				MARKETING_VERSION = 1.0;
				PRODUCT_BUNDLE_IDENTIFIER = com.tituslogo.JobHuntTrackerTests;
				PRODUCT_NAME = "$(TARGET_NAME)";
				SWIFT_EMIT_LOC_STRINGS = NO;
				SWIFT_VERSION = 5.0;
				TARGETED_DEVICE_FAMILY = "1,2";
				TEST_HOST = "$(BUILT_PRODUCTS_DIR)/JobHuntTracker.app/$(BUNDLE_EXECUTABLE_FOLDER_PATH)/JobHuntTracker";
			};
			name = Debug;
		};
		DE538BBA2D38DCB600C55377 /* Release */ = {
			isa = XCBuildConfiguration;
			buildSettings = {
				BUNDLE_LOADER = "$(TEST_HOST)";
				CODE_SIGN_STYLE = Automatic;
				CURRENT_PROJECT_VERSION = 1;
				GENERATE_INFOPLIST_FILE = YES;
				IPHONEOS_DEPLOYMENT_TARGET = 18.1;
				MARKETING_VERSION = 1.0;
				PRODUCT_BUNDLE_IDENTIFIER = com.tituslogo.JobHuntTrackerTests;
				PRODUCT_NAME = "$(TARGET_NAME)";
				SWIFT_EMIT_LOC_STRINGS = NO;
				SWIFT_VERSION = 5.0;
				TARGETED_DEVICE_FAMILY = "1,2";
				TEST_HOST = "$(BUILT_PRODUCTS_DIR)/JobHuntTracker.app/$(BUNDLE_EXECUTABLE_FOLDER_PATH)/JobHuntTracker";
			};
			name = Release;
		};
		DE538BBC2D38DCB600C55377 /* Debug */ = {
			isa = XCBuildConfiguration;
			buildSettings = {
				CODE_SIGN_STYLE = Automatic;
				CURRENT_PROJECT_VERSION = 1;
				GENERATE_INFOPLIST_FILE = YES;
				MARKETING_VERSION = 1.0;
				PRODUCT_BUNDLE_IDENTIFIER = com.tituslogo.JobHuntTrackerUITests;
				PRODUCT_NAME = "$(TARGET_NAME)";
				SWIFT_EMIT_LOC_STRINGS = NO;
				SWIFT_VERSION = 5.0;
				TARGETED_DEVICE_FAMILY = "1,2";
				TEST_TARGET_NAME = JobHuntTracker;
			};
			name = Debug;
		};
		DE538BBD2D38DCB600C55377 /* Release */ = {
			isa = XCBuildConfiguration;
			buildSettings = {
				CODE_SIGN_STYLE = Automatic;
				CURRENT_PROJECT_VERSION = 1;
				GENERATE_INFOPLIST_FILE = YES;
				MARKETING_VERSION = 1.0;
				PRODUCT_BUNDLE_IDENTIFIER = com.tituslogo.JobHuntTrackerUITests;
				PRODUCT_NAME = "$(TARGET_NAME)";
				SWIFT_EMIT_LOC_STRINGS = NO;
				SWIFT_VERSION = 5.0;
				TARGETED_DEVICE_FAMILY = "1,2";
				TEST_TARGET_NAME = JobHuntTracker;
			};
			name = Release;
		};
/* End XCBuildConfiguration section */

/* Begin XCConfigurationList section */
		DE538B822D38DCB500C55377 /* Build configuration list for PBXProject "JobHuntTracker" */ = {
			isa = XCConfigurationList;
			buildConfigurations = (
				DE538BB62D38DCB600C55377 /* Debug */,
				DE538BB72D38DCB600C55377 /* Release */,
			);
			defaultConfigurationIsVisible = 0;
			defaultConfigurationName = Release;
		};
		DE538BB32D38DCB600C55377 /* Build configuration list for PBXNativeTarget "JobHuntTracker" */ = {
			isa = XCConfigurationList;
			buildConfigurations = (
				DE538BB42D38DCB600C55377 /* Debug */,
				DE538BB52D38DCB600C55377 /* Release */,
			);
			defaultConfigurationIsVisible = 0;
			defaultConfigurationName = Release;
		};
		DE538BB82D38DCB600C55377 /* Build configuration list for PBXNativeTarget "JobHuntTrackerTests" */ = {
			isa = XCConfigurationList;
			buildConfigurations = (
				DE538BB92D38DCB600C55377 /* Debug */,
				DE538BBA2D38DCB600C55377 /* Release */,
			);
			defaultConfigurationIsVisible = 0;
			defaultConfigurationName = Release;
		};
		DE538BBB2D38DCB600C55377 /* Build configuration list for PBXNativeTarget "JobHuntTrackerUITests" */ = {
			isa = XCConfigurationList;
			buildConfigurations = (
				DE538BBC2D38DCB600C55377 /* Debug */,
				DE538BBD2D38DCB600C55377 /* Release */,
			);
			defaultConfigurationIsVisible = 0;
			defaultConfigurationName = Release;
		};
/* End XCConfigurationList section */
	};
	rootObject = DE538B7F2D38DCB500C55377 /* Project object */;
}
